{
  "name": "@alttiri/base85",
  "version": "1.7.1",
  "lockfileVersion": 3,
  "requires": true,
  "packages": {
    "": {
      "name": "@alttiri/base85",
      "version": "1.7.1",
      "license": "MIT",
      "devDependencies": {
        "@alttiri/util-node-js": "2.0.16-20240606",
        "typescript": "5.5.1-rc"
      }
    },
    "node_modules/@alttiri/util-js": {
      "version": "1.10.2-20240603",
      "resolved": "https://registry.npmjs.org/@alttiri/util-js/-/util-js-1.10.2-20240603.tgz",
      "integrity": "sha512-mUhL2nvcRJajDbjaZVn090PA27BgMq6Qqy9OW6IFOyhiSsPV/BWplG/rOfbiORnr84TTd0FQkJm8Y/7PC1Ot1Q==",
      "dev": true
    },
    "node_modules/@alttiri/util-node-js": {
      "version": "2.0.16-20240606",
      "resolved": "https://registry.npmjs.org/@alttiri/util-node-js/-/util-node-js-2.0.16-20240606.tgz",
      "integrity": "sha512-J9EKkhtxFHBlsUeGB1cRhQi8oqUxGraQiNZ/fs7OnV3Ztb45d6VP0+asKtPN5XcD2ZwqQd0WhK39GGWt2oG1rA==",
      "dev": true,
      "dependencies": {
        "@alttiri/util-js": "1.10.2-20240603"
      }
    },
    "node_modules/typescript": {
      "version": "5.5.1-rc",
      "resolved": "https://registry.npmjs.org/typescript/-/typescript-5.5.1-rc.tgz",
      "integrity": "sha512-7cbqBhh2QH0RaI7AD0ElJ2Ww/iRdW1w2wH/S2dv6EbdNQQlv39fx+V5VOepxLgfUvRkU5D5pxzgPuvHSAQOdpQ==",
      "dev": true,
      "bin": {
        "tsc": "bin/tsc",
        "tsserver": "bin/tsserver"
      },
      "engines": {
        "node": ">=14.17"
      }
    }
  }
}
