{
  "name": "@alttiri/base85",
  "version": "1.7.0",
  "lockfileVersion": 3,
  "requires": true,
  "packages": {
    "": {
      "name": "@alttiri/base85",
      "version": "1.7.0",
      "license": "MIT",
      "devDependencies": {
        "@alttiri/util-node-js": "1.6.0"
      }
    },
    "node_modules/@alttiri/util-node-js": {
      "version": "1.6.0",
      "resolved": "https://registry.npmjs.org/@alttiri/util-node-js/-/util-node-js-1.6.0.tgz",
      "integrity": "sha512-mZ04TaAMl6YAgx2B8P+S2IpPfcC22c1E3mQEi/zx/ZvKovCayVioVr41HsV8/AswWjWdbb143+6LTMJaUKKbYw==",
      "dev": true
    }
  }
}
