{
  "name": "@alttiri/base85",
  "version": "1.7.5",
  "lockfileVersion": 3,
  "requires": true,
  "packages": {
    "": {
      "name": "@alttiri/base85",
      "version": "1.7.5",
      "license": "MIT",
      "devDependencies": {
        "@alttiri/util-node-js": "2.1.1-20240725",
        "fflate": "0.8.2",
        "typescript": "5.5.4"
      }
    },
    "node_modules/@alttiri/util-js": {
      "version": "1.13.1-20240725",
      "resolved": "https://registry.npmjs.org/@alttiri/util-js/-/util-js-1.13.1-20240725.tgz",
      "integrity": "sha512-DjNs8bhXDPlsfJtPFvcRTixOSnfNIiSuXKsgrWQ1ttSSPT+8hQ6m+b8k3nlFzql7UD0aOMobXr28edkS4ZjZRg==",
      "dev": true
    },
    "node_modules/@alttiri/util-node-js": {
      "version": "2.1.1-20240725",
      "resolved": "https://registry.npmjs.org/@alttiri/util-node-js/-/util-node-js-2.1.1-20240725.tgz",
      "integrity": "sha512-Aim3bO+/dPEJMsnSC9spvbdw/4unQ1a1IX96kS1hPlktGaK5zXmlKcjKYnwZJV1w5TFumsa0P2Vn1aJIghS9tg==",
      "dev": true,
      "dependencies": {
        "@alttiri/util-js": "1.13.1-20240725"
      }
    },
    "node_modules/fflate": {
      "version": "0.8.2",
      "resolved": "https://registry.npmjs.org/fflate/-/fflate-0.8.2.tgz",
      "integrity": "sha512-cPJU47OaAoCbg0pBvzsgpTPhmhqI5eJjh/JIu8tPj5q+T7iLvW/JAYUqmE7KOB4R1ZyEhzBaIQpQpardBF5z8A==",
      "dev": true
    },
    "node_modules/typescript": {
      "version": "5.5.4",
      "resolved": "https://registry.npmjs.org/typescript/-/typescript-5.5.4.tgz",
      "integrity": "sha512-Mtq29sKDAEYP7aljRgtPOpTvOfbwRWlS6dPRzwjdE+C0R4brX/GUyhHSecbHMFLNBLcJIPt9nl9yG5TZ1weH+Q==",
      "dev": true,
      "bin": {
        "tsc": "bin/tsc",
        "tsserver": "bin/tsserver"
      },
      "engines": {
        "node": ">=14.17"
      }
    }
  }
}
